{
  "requires": true,
  "lockfileVersion": 1,
  "dependencies": {
    "react-schedule-selector": {
      "version": "file:../availabilityFix/react-schedule-selector",
      "requires": {
        "date-fns": "^1.29.0"
      },
      "dependencies": {
        "date-fns": {
          "version": "1.30.1",
          "resolved": "https://registry.npmjs.org/date-fns/-/date-fns-1.30.1.tgz",
          "integrity": "sha512-hBSVCvSmWC+QypYObzwGOd9wqdDpOt+0wl0KbU+R+uuZBS1jN8VsD1ss3irQDknRj5NvxiTF6oj/nDRnN/UQNw=="
        }
      }
    }
  }
}
